
Microsoft Visual Studio Solution File, Format Version 12.00
# Visual Studio 15
Project("{FAE04EC0-301F-11D3-BF4B-00C04F79EFBC}") = "Assembly-CSharp", "Assembly-CSharp.csproj", "{4D863C85-9750-E538-F734-1EDAC80C4CCD}"
EndProject
Project("{FAE04EC0-301F-11D3-BF4B-00C04F79EFBC}") = "Assembly-CSharp-Editor", "Assembly-CSharp-Editor.csproj", "{52F43517-119B-C0B7-7A67-963FFC24FCC6}"
EndProject
Global
	GlobalSection(SolutionConfigurationPlatforms) = preSolution
		Debug|Any CPU = Debug|Any CPU
		Release|Any CPU = Release|Any CPU
	EndGlobalSection
	GlobalSection(ProjectConfigurationPlatforms) = postSolution
		{4D863C85-9750-E538-F734-1EDAC80C4CCD}.Debug|Any CPU.ActiveCfg = Debug|Any CPU
		{4D863C85-9750-E538-F734-1EDAC80C4CCD}.Debug|Any CPU.Build.0 = Debug|Any CPU
		{4D863C85-9750-E538-F734-1EDAC80C4CCD}.Release|Any CPU.ActiveCfg = Release|Any CPU
		{4D863C85-9750-E538-F734-1EDAC80C4CCD}.Release|Any CPU.Build.0 = Release|Any CPU
		{52F43517-119B-C0B7-7A67-963FFC24FCC6}.Debug|Any CPU.ActiveCfg = Debug|Any CPU
		{52F43517-119B-C0B7-7A67-963FFC24FCC6}.Debug|Any CPU.Build.0 = Debug|Any CPU
		{52F43517-119B-C0B7-7A67-963FFC24FCC6}.Release|Any CPU.ActiveCfg = Release|Any CPU
		{52F43517-119B-C0B7-7A67-963FFC24FCC6}.Release|Any CPU.Build.0 = Release|Any CPU
	EndGlobalSection
	GlobalSection(SolutionProperties) = preSolution
		HideSolutionNode = FALSE
	EndGlobalSection
EndGlobal
